// !$*UTF8*$!
{
	archiveVersion = 1;
	classes = {
	};
	objectVersion = 51;
	objects = {

/* Begin PBXBuildFile section */
		1F2CB44A767EC796FEA19FCF /* Pods_RxSwift_GCDTests.framework in Frameworks */ = {isa = PBXBuildFile; fileRef = 00B9977EFBB4C357C042B770 /* Pods_RxSwift_GCDTests.framework */; };
		45A8D07023AA75D6006BDED4 /* AppDelegate.swift in Sources */ = {isa = PBXBuildFile; fileRef = 45A8D06F23AA75D6006BDED4 /* AppDelegate.swift */; };
		45A8D07223AA75D6006BDED4 /* SceneDelegate.swift in Sources */ = {isa = PBXBuildFile; fileRef = 45A8D07123AA75D6006BDED4 /* SceneDelegate.swift */; };
		45A8D07423AA75D6006BDED4 /* ViewController.swift in Sources */ = {isa = PBXBuildFile; fileRef = 45A8D07323AA75D6006BDED4 /* ViewController.swift */; };
		45A8D07723AA75D6006BDED4 /* Main.storyboard in Resources */ = {isa = PBXBuildFile; fileRef = 45A8D07523AA75D6006BDED4 /* Main.storyboard */; };
		45A8D07923AA75D9006BDED4 /* Assets.xcassets in Resources */ = {isa = PBXBuildFile; fileRef = 45A8D07823AA75D9006BDED4 /* Assets.xcassets */; };
		45A8D07C23AA75D9006BDED4 /* LaunchScreen.storyboard in Resources */ = {isa = PBXBuildFile; fileRef = 45A8D07A23AA75D9006BDED4 /* LaunchScreen.storyboard */; };
		45A8D08723AA75D9006BDED4 /* RxSwift_GCDTests.swift in Sources */ = {isa = PBXBuildFile; fileRef = 45A8D08623AA75D9006BDED4 /* RxSwift_GCDTests.swift */; };
		45A8D09723AD2437006BDED4 /* ViewModel.swift in Sources */ = {isa = PBXBuildFile; fileRef = 45A8D09623AD2437006BDED4 /* ViewModel.swift */; };
		45A8D0A023B7423F006BDED4 /* WorkingThreadType.swift in Sources */ = {isa = PBXBuildFile; fileRef = 45A8D09F23B7423F006BDED4 /* WorkingThreadType.swift */; };
		66829085EB27801CF380442B /* Pods_RxSwift_GCD.framework in Frameworks */ = {isa = PBXBuildFile; fileRef = 3DF21FF489097A66E187C3E1 /* Pods_RxSwift_GCD.framework */; };
/* End PBXBuildFile section */

/* Begin PBXContainerItemProxy section */
		45A8D08323AA75D9006BDED4 /* PBXContainerItemProxy */ = {
			isa = PBXContainerItemProxy;
			containerPortal = 45A8D06423AA75D6006BDED4 /* Project object */;
			proxyType = 1;
			remoteGlobalIDString = 45A8D06B23AA75D6006BDED4;
			remoteInfo = "RxSwift-GCD";
		};
/* End PBXContainerItemProxy section */

/* Begin PBXFileReference section */
		00B9977EFBB4C357C042B770 /* Pods_RxSwift_GCDTests.framework */ = {isa = PBXFileReference; explicitFileType = wrapper.framework; includeInIndex = 0; path = Pods_RxSwift_GCDTests.framework; sourceTree = BUILT_PRODUCTS_DIR; };
		3101006C30CE208ADF90A132 /* Pods-RxSwift-GCD.debug.xcconfig */ = {isa = PBXFileReference; includeInIndex = 1; lastKnownFileType = text.xcconfig; name = "Pods-RxSwift-GCD.debug.xcconfig"; path = "Target Support Files/Pods-RxSwift-GCD/Pods-RxSwift-GCD.debug.xcconfig"; sourceTree = "<group>"; };
		314375B68038545C77249549 /* Pods-RxSwift-GCDTests.debug.xcconfig */ = {isa = PBXFileReference; includeInIndex = 1; lastKnownFileType = text.xcconfig; name = "Pods-RxSwift-GCDTests.debug.xcconfig"; path = "Target Support Files/Pods-RxSwift-GCDTests/Pods-RxSwift-GCDTests.debug.xcconfig"; sourceTree = "<group>"; };
		3DF21FF489097A66E187C3E1 /* Pods_RxSwift_GCD.framework */ = {isa = PBXFileReference; explicitFileType = wrapper.framework; includeInIndex = 0; path = Pods_RxSwift_GCD.framework; sourceTree = BUILT_PRODUCTS_DIR; };
		45A8D06C23AA75D6006BDED4 /* RxSwift-GCD.app */ = {isa = PBXFileReference; explicitFileType = wrapper.application; includeInIndex = 0; path = "RxSwift-GCD.app"; sourceTree = BUILT_PRODUCTS_DIR; };
		45A8D06F23AA75D6006BDED4 /* AppDelegate.swift */ = {isa = PBXFileReference; lastKnownFileType = sourcecode.swift; path = AppDelegate.swift; sourceTree = "<group>"; };
		45A8D07123AA75D6006BDED4 /* SceneDelegate.swift */ = {isa = PBXFileReference; lastKnownFileType = sourcecode.swift; path = SceneDelegate.swift; sourceTree = "<group>"; };
		45A8D07323AA75D6006BDED4 /* ViewController.swift */ = {isa = PBXFileReference; lastKnownFileType = sourcecode.swift; path = ViewController.swift; sourceTree = "<group>"; };
		45A8D07623AA75D6006BDED4 /* Base */ = {isa = PBXFileReference; lastKnownFileType = file.storyboard; name = Base; path = Base.lproj/Main.storyboard; sourceTree = "<group>"; };
		45A8D07823AA75D9006BDED4 /* Assets.xcassets */ = {isa = PBXFileReference; lastKnownFileType = folder.assetcatalog; path = Assets.xcassets; sourceTree = "<group>"; };
		45A8D07B23AA75D9006BDED4 /* Base */ = {isa = PBXFileReference; lastKnownFileType = file.storyboard; name = Base; path = Base.lproj/LaunchScreen.storyboard; sourceTree = "<group>"; };
		45A8D07D23AA75D9006BDED4 /* Info.plist */ = {isa = PBXFileReference; lastKnownFileType = text.plist.xml; path = Info.plist; sourceTree = "<group>"; };
		45A8D08223AA75D9006BDED4 /* RxSwift-GCDTests.xctest */ = {isa = PBXFileReference; explicitFileType = wrapper.cfbundle; includeInIndex = 0; path = "RxSwift-GCDTests.xctest"; sourceTree = BUILT_PRODUCTS_DIR; };
		45A8D08623AA75D9006BDED4 /* RxSwift_GCDTests.swift */ = {isa = PBXFileReference; lastKnownFileType = sourcecode.swift; path = RxSwift_GCDTests.swift; sourceTree = "<group>"; };
		45A8D08823AA75D9006BDED4 /* Info.plist */ = {isa = PBXFileReference; lastKnownFileType = text.plist.xml; path = Info.plist; sourceTree = "<group>"; };
		45A8D09623AD2437006BDED4 /* ViewModel.swift */ = {isa = PBXFileReference; lastKnownFileType = sourcecode.swift; path = ViewModel.swift; sourceTree = "<group>"; };
		45A8D09F23B7423F006BDED4 /* WorkingThreadType.swift */ = {isa = PBXFileReference; lastKnownFileType = sourcecode.swift; path = WorkingThreadType.swift; sourceTree = "<group>"; };
		9E7EFF4391D8382E7C5C5E8B /* Pods-RxSwift-GCDTests.release.xcconfig */ = {isa = PBXFileReference; includeInIndex = 1; lastKnownFileType = text.xcconfig; name = "Pods-RxSwift-GCDTests.release.xcconfig"; path = "Target Support Files/Pods-RxSwift-GCDTests/Pods-RxSwift-GCDTests.release.xcconfig"; sourceTree = "<group>"; };
		CD6B20F316AD180FBD9E7CA1 /* Pods-RxSwift-GCD.release.xcconfig */ = {isa = PBXFileReference; includeInIndex = 1; lastKnownFileType = text.xcconfig; name = "Pods-RxSwift-GCD.release.xcconfig"; path = "Target Support Files/Pods-RxSwift-GCD/Pods-RxSwift-GCD.release.xcconfig"; sourceTree = "<group>"; };
/* End PBXFileReference section */

/* Begin PBXFrameworksBuildPhase section */
		45A8D06923AA75D6006BDED4 /* Frameworks */ = {
			isa = PBXFrameworksBuildPhase;
			buildActionMask = 2147483647;
			files = (
				66829085EB27801CF380442B /* Pods_RxSwift_GCD.framework in Frameworks */,
			);
			runOnlyForDeploymentPostprocessing = 0;
		};
		45A8D07F23AA75D9006BDED4 /* Frameworks */ = {
			isa = PBXFrameworksBuildPhase;
			buildActionMask = 2147483647;
			files = (
				1F2CB44A767EC796FEA19FCF /* Pods_RxSwift_GCDTests.framework in Frameworks */,
			);
			runOnlyForDeploymentPostprocessing = 0;
		};
/* End PBXFrameworksBuildPhase section */

/* Begin PBXGroup section */
		0FDF204AA569951E06DE214C /* Pods */ = {
			isa = PBXGroup;
			children = (
				3101006C30CE208ADF90A132 /* Pods-RxSwift-GCD.debug.xcconfig */,
				CD6B20F316AD180FBD9E7CA1 /* Pods-RxSwift-GCD.release.xcconfig */,
				314375B68038545C77249549 /* Pods-RxSwift-GCDTests.debug.xcconfig */,
				9E7EFF4391D8382E7C5C5E8B /* Pods-RxSwift-GCDTests.release.xcconfig */,
			);
			path = Pods;
			sourceTree = "<group>";
		};
		45A8D06323AA75D6006BDED4 = {
			isa = PBXGroup;
			children = (
				45A8D06E23AA75D6006BDED4 /* RxSwift-GCD */,
				45A8D08523AA75D9006BDED4 /* RxSwift-GCDTests */,
				45A8D06D23AA75D6006BDED4 /* Products */,
				0FDF204AA569951E06DE214C /* Pods */,
				F049FE193042F69CED6C7255 /* Frameworks */,
			);
			sourceTree = "<group>";
		};
		45A8D06D23AA75D6006BDED4 /* Products */ = {
			isa = PBXGroup;
			children = (
				45A8D06C23AA75D6006BDED4 /* RxSwift-GCD.app */,
				45A8D08223AA75D9006BDED4 /* RxSwift-GCDTests.xctest */,
			);
			name = Products;
			sourceTree = "<group>";
		};
		45A8D06E23AA75D6006BDED4 /* RxSwift-GCD */ = {
			isa = PBXGroup;
			children = (
				45A8D06F23AA75D6006BDED4 /* AppDelegate.swift */,
				45A8D07123AA75D6006BDED4 /* SceneDelegate.swift */,
				45A8D07323AA75D6006BDED4 /* ViewController.swift */,
				45A8D09F23B7423F006BDED4 /* WorkingThreadType.swift */,
				45A8D09623AD2437006BDED4 /* ViewModel.swift */,
				45A8D07523AA75D6006BDED4 /* Main.storyboard */,
				45A8D07823AA75D9006BDED4 /* Assets.xcassets */,
				45A8D07A23AA75D9006BDED4 /* LaunchScreen.storyboard */,
				45A8D07D23AA75D9006BDED4 /* Info.plist */,
			);
			path = "RxSwift-GCD";
			sourceTree = "<group>";
		};
		45A8D08523AA75D9006BDED4 /* RxSwift-GCDTests */ = {
			isa = PBXGroup;
			children = (
				45A8D08623AA75D9006BDED4 /* RxSwift_GCDTests.swift */,
				45A8D08823AA75D9006BDED4 /* Info.plist */,
			);
			path = "RxSwift-GCDTests";
			sourceTree = "<group>";
		};
		F049FE193042F69CED6C7255 /* Frameworks */ = {
			isa = PBXGroup;
			children = (
				3DF21FF489097A66E187C3E1 /* Pods_RxSwift_GCD.framework */,
				00B9977EFBB4C357C042B770 /* Pods_RxSwift_GCDTests.framework */,
			);
			name = Frameworks;
			sourceTree = "<group>";
		};
/* End PBXGroup section */

/* Begin PBXNativeTarget section */
		45A8D06B23AA75D6006BDED4 /* RxSwift-GCD */ = {
			isa = PBXNativeTarget;
			buildConfigurationList = 45A8D08B23AA75D9006BDED4 /* Build configuration list for PBXNativeTarget "RxSwift-GCD" */;
			buildPhases = (
				32895E2DDAD217FF67508A23 /* [CP] Check Pods Manifest.lock */,
				45A8D06823AA75D6006BDED4 /* Sources */,
				45A8D06923AA75D6006BDED4 /* Frameworks */,
				45A8D06A23AA75D6006BDED4 /* Resources */,
				9C98A91AB5CFFA268FB1C550 /* [CP] Embed Pods Frameworks */,
			);
			buildRules = (
			);
			dependencies = (
			);
			name = "RxSwift-GCD";
			productName = "RxSwift-GCD";
			productReference = 45A8D06C23AA75D6006BDED4 /* RxSwift-GCD.app */;
			productType = "com.apple.product-type.application";
		};
		45A8D08123AA75D9006BDED4 /* RxSwift-GCDTests */ = {
			isa = PBXNativeTarget;
			buildConfigurationList = 45A8D08E23AA75D9006BDED4 /* Build configuration list for PBXNativeTarget "RxSwift-GCDTests" */;
			buildPhases = (
				8C65EC5D58F80FC5019FFF71 /* [CP] Check Pods Manifest.lock */,
				45A8D07E23AA75D9006BDED4 /* Sources */,
				45A8D07F23AA75D9006BDED4 /* Frameworks */,
				45A8D08023AA75D9006BDED4 /* Resources */,
				4E2E7081F3D96BA6CF9D97F4 /* [CP] Embed Pods Frameworks */,
			);
			buildRules = (
			);
			dependencies = (
				45A8D08423AA75D9006BDED4 /* PBXTargetDependency */,
			);
			name = "RxSwift-GCDTests";
			productName = "RxSwift-GCDTests";
			productReference = 45A8D08223AA75D9006BDED4 /* RxSwift-GCDTests.xctest */;
			productType = "com.apple.product-type.bundle.unit-test";
		};
/* End PBXNativeTarget section */

/* Begin PBXProject section */
		45A8D06423AA75D6006BDED4 /* Project object */ = {
			isa = PBXProject;
			attributes = {
				LastSwiftUpdateCheck = 1130;
				LastUpgradeCheck = 1130;
				ORGANIZATIONNAME = kawaharadai;
				TargetAttributes = {
					45A8D06B23AA75D6006BDED4 = {
						CreatedOnToolsVersion = 11.3;
					};
					45A8D08123AA75D9006BDED4 = {
						CreatedOnToolsVersion = 11.3;
						TestTargetID = 45A8D06B23AA75D6006BDED4;
					};
				};
			};
			buildConfigurationList = 45A8D06723AA75D6006BDED4 /* Build configuration list for PBXProject "RxSwift-GCD" */;
			compatibilityVersion = "Xcode 9.3";
			developmentRegion = en;
			hasScannedForEncodings = 0;
			knownRegions = (
				en,
				Base,
			);
			mainGroup = 45A8D06323AA75D6006BDED4;
			productRefGroup = 45A8D06D23AA75D6006BDED4 /* Products */;
			projectDirPath = "";
			projectRoot = "";
			targets = (
				45A8D06B23AA75D6006BDED4 /* RxSwift-GCD */,
				45A8D08123AA75D9006BDED4 /* RxSwift-GCDTests */,
			);
		};
/* End PBXProject section */

/* Begin PBXResourcesBuildPhase section */
		45A8D06A23AA75D6006BDED4 /* Resources */ = {
			isa = PBXResourcesBuildPhase;
			buildActionMask = 2147483647;
			files = (
				45A8D07C23AA75D9006BDED4 /* LaunchScreen.storyboard in Resources */,
				45A8D07923AA75D9006BDED4 /* Assets.xcassets in Resources */,
				45A8D07723AA75D6006BDED4 /* Main.storyboard in Resources */,
			);
			runOnlyForDeploymentPostprocessing = 0;
		};
		45A8D08023AA75D9006BDED4 /* Resources */ = {
			isa = PBXResourcesBuildPhase;
			buildActionMask = 2147483647;
			files = (
			);
			runOnlyForDeploymentPostprocessing = 0;
		};
/* End PBXResourcesBuildPhase section */

/* Begin PBXShellScriptBuildPhase section */
		32895E2DDAD217FF67508A23 /* [CP] Check Pods Manifest.lock */ = {
			isa = PBXShellScriptBuildPhase;
			buildActionMask = 2147483647;
			files = (
			);
			inputFileListPaths = (
			);
			inputPaths = (
				"${PODS_PODFILE_DIR_PATH}/Podfile.lock",
				"${PODS_ROOT}/Manifest.lock",
			);
			name = "[CP] Check Pods Manifest.lock";
			outputFileListPaths = (
			);
			outputPaths = (
				"$(DERIVED_FILE_DIR)/Pods-RxSwift-GCD-checkManifestLockResult.txt",
			);
			runOnlyForDeploymentPostprocessing = 0;
			shellPath = /bin/sh;
			shellScript = "diff \"${PODS_PODFILE_DIR_PATH}/Podfile.lock\" \"${PODS_ROOT}/Manifest.lock\" > /dev/null\nif [ $? != 0 ] ; then\n    # print error to STDERR\n    echo \"error: The sandbox is not in sync with the Podfile.lock. Run 'pod install' or update your CocoaPods installation.\" >&2\n    exit 1\nfi\n# This output is used by Xcode 'outputs' to avoid re-running this script phase.\necho \"SUCCESS\" > \"${SCRIPT_OUTPUT_FILE_0}\"\n";
			showEnvVarsInLog = 0;
		};
		4E2E7081F3D96BA6CF9D97F4 /* [CP] Embed Pods Frameworks */ = {
			isa = PBXShellScriptBuildPhase;
			buildActionMask = 2147483647;
			files = (
			);
			inputFileListPaths = (
				"${PODS_ROOT}/Target Support Files/Pods-RxSwift-GCDTests/Pods-RxSwift-GCDTests-frameworks-${CONFIGURATION}-input-files.xcfilelist",
			);
			name = "[CP] Embed Pods Frameworks";
			outputFileListPaths = (
				"${PODS_ROOT}/Target Support Files/Pods-RxSwift-GCDTests/Pods-RxSwift-GCDTests-frameworks-${CONFIGURATION}-output-files.xcfilelist",
			);
			runOnlyForDeploymentPostprocessing = 0;
			shellPath = /bin/sh;
			shellScript = "\"${PODS_ROOT}/Target Support Files/Pods-RxSwift-GCDTests/Pods-RxSwift-GCDTests-frameworks.sh\"\n";
			showEnvVarsInLog = 0;
		};
		8C65EC5D58F80FC5019FFF71 /* [CP] Check Pods Manifest.lock */ = {
			isa = PBXShellScriptBuildPhase;
			buildActionMask = 2147483647;
			files = (
			);
			inputFileListPaths = (
			);
			inputPaths = (
				"${PODS_PODFILE_DIR_PATH}/Podfile.lock",
				"${PODS_ROOT}/Manifest.lock",
			);
			name = "[CP] Check Pods Manifest.lock";
			outputFileListPaths = (
			);
			outputPaths = (
				"$(DERIVED_FILE_DIR)/Pods-RxSwift-GCDTests-checkManifestLockResult.txt",
			);
			runOnlyForDeploymentPostprocessing = 0;
			shellPath = /bin/sh;
			shellScript = "diff \"${PODS_PODFILE_DIR_PATH}/Podfile.lock\" \"${PODS_ROOT}/Manifest.lock\" > /dev/null\nif [ $? != 0 ] ; then\n    # print error to STDERR\n    echo \"error: The sandbox is not in sync with the Podfile.lock. Run 'pod install' or update your CocoaPods installation.\" >&2\n    exit 1\nfi\n# This output is used by Xcode 'outputs' to avoid re-running this script phase.\necho \"SUCCESS\" > \"${SCRIPT_OUTPUT_FILE_0}\"\n";
			showEnvVarsInLog = 0;
		};
		9C98A91AB5CFFA268FB1C550 /* [CP] Embed Pods Frameworks */ = {
			isa = PBXShellScriptBuildPhase;
			buildActionMask = 2147483647;
			files = (
			);
			inputFileListPaths = (
				"${PODS_ROOT}/Target Support Files/Pods-RxSwift-GCD/Pods-RxSwift-GCD-frameworks-${CONFIGURATION}-input-files.xcfilelist",
			);
			name = "[CP] Embed Pods Frameworks";
			outputFileListPaths = (
				"${PODS_ROOT}/Target Support Files/Pods-RxSwift-GCD/Pods-RxSwift-GCD-frameworks-${CONFIGURATION}-output-files.xcfilelist",
			);
			runOnlyForDeploymentPostprocessing = 0;
			shellPath = /bin/sh;
			shellScript = "\"${PODS_ROOT}/Target Support Files/Pods-RxSwift-GCD/Pods-RxSwift-GCD-frameworks.sh\"\n";
			showEnvVarsInLog = 0;
		};
/* End PBXShellScriptBuildPhase section */

/* Begin PBXSourcesBuildPhase section */
		45A8D06823AA75D6006BDED4 /* Sources */ = {
			isa = PBXSourcesBuildPhase;
			buildActionMask = 2147483647;
			files = (
				45A8D0A023B7423F006BDED4 /* WorkingThreadType.swift in Sources */,
				45A8D07423AA75D6006BDED4 /* ViewController.swift in Sources */,
				45A8D07023AA75D6006BDED4 /* AppDelegate.swift in Sources */,
				45A8D09723AD2437006BDED4 /* ViewModel.swift in Sources */,
				45A8D07223AA75D6006BDED4 /* SceneDelegate.swift in Sources */,
			);
			runOnlyForDeploymentPostprocessing = 0;
		};
		45A8D07E23AA75D9006BDED4 /* Sources */ = {
			isa = PBXSourcesBuildPhase;
			buildActionMask = 2147483647;
			files = (
				45A8D08723AA75D9006BDED4 /* RxSwift_GCDTests.swift in Sources */,
			);
			runOnlyForDeploymentPostprocessing = 0;
		};
/* End PBXSourcesBuildPhase section */

/* Begin PBXTargetDependency section */
		45A8D08423AA75D9006BDED4 /* PBXTargetDependency */ = {
			isa = PBXTargetDependency;
			target = 45A8D06B23AA75D6006BDED4 /* RxSwift-GCD */;
			targetProxy = 45A8D08323AA75D9006BDED4 /* PBXContainerItemProxy */;
		};
/* End PBXTargetDependency section */

/* Begin PBXVariantGroup section */
		45A8D07523AA75D6006BDED4 /* Main.storyboard */ = {
			isa = PBXVariantGroup;
			children = (
				45A8D07623AA75D6006BDED4 /* Base */,
			);
			name = Main.storyboard;
			sourceTree = "<group>";
		};
		45A8D07A23AA75D9006BDED4 /* LaunchScreen.storyboard */ = {
			isa = PBXVariantGroup;
			children = (
				45A8D07B23AA75D9006BDED4 /* Base */,
			);
			name = LaunchScreen.storyboard;
			sourceTree = "<group>";
		};
/* End PBXVariantGroup section */

/* Begin XCBuildConfiguration section */
		45A8D08923AA75D9006BDED4 /* Debug */ = {
			isa = XCBuildConfiguration;
			buildSettings = {
				ALWAYS_SEARCH_USER_PATHS = NO;
				CLANG_ANALYZER_NONNULL = YES;
				CLANG_ANALYZER_NUMBER_OBJECT_CONVERSION = YES_AGGRESSIVE;
				CLANG_CXX_LANGUAGE_STANDARD = "gnu++14";
				CLANG_CXX_LIBRARY = "libc++";
				CLANG_ENABLE_MODULES = YES;
				CLANG_ENABLE_OBJC_ARC = YES;
				CLANG_ENABLE_OBJC_WEAK = YES;
				CLANG_WARN_BLOCK_CAPTURE_AUTORELEASING = YES;
				CLANG_WARN_BOOL_CONVERSION = YES;
				CLANG_WARN_COMMA = YES;
				CLANG_WARN_CONSTANT_CONVERSION = YES;
				CLANG_WARN_DEPRECATED_OBJC_IMPLEMENTATIONS = YES;
				CLANG_WARN_DIRECT_OBJC_ISA_USAGE = YES_ERROR;
				CLANG_WARN_DOCUMENTATION_COMMENTS = YES;
				CLANG_WARN_EMPTY_BODY = YES;
				CLANG_WARN_ENUM_CONVERSION = YES;
				CLANG_WARN_INFINITE_RECURSION = YES;
				CLANG_WARN_INT_CONVERSION = YES;
				CLANG_WARN_NON_LITERAL_NULL_CONVERSION = YES;
				CLANG_WARN_OBJC_IMPLICIT_RETAIN_SELF = YES;
				CLANG_WARN_OBJC_LITERAL_CONVERSION = YES;
				CLANG_WARN_OBJC_ROOT_CLASS = YES_ERROR;
				CLANG_WARN_RANGE_LOOP_ANALYSIS = YES;
				CLANG_WARN_STRICT_PROTOTYPES = YES;
				CLANG_WARN_SUSPICIOUS_MOVE = YES;
				CLANG_WARN_UNGUARDED_AVAILABILITY = YES_AGGRESSIVE;
				CLANG_WARN_UNREACHABLE_CODE = YES;
				CLANG_WARN__DUPLICATE_METHOD_MATCH = YES;
				COPY_PHASE_STRIP = NO;
				DEBUG_INFORMATION_FORMAT = dwarf;
				ENABLE_STRICT_OBJC_MSGSEND = YES;
				ENABLE_TESTABILITY = YES;
				GCC_C_LANGUAGE_STANDARD = gnu11;
				GCC_DYNAMIC_NO_PIC = NO;
				GCC_NO_COMMON_BLOCKS = YES;
				GCC_OPTIMIZATION_LEVEL = 0;
				GCC_PREPROCESSOR_DEFINITIONS = (
					"DEBUG=1",
					"$(inherited)",
				);
				GCC_WARN_64_TO_32_BIT_CONVERSION = YES;
				GCC_WARN_ABOUT_RETURN_TYPE = YES_ERROR;
				GCC_WARN_UNDECLARED_SELECTOR = YES;
				GCC_WARN_UNINITIALIZED_AUTOS = YES_AGGRESSIVE;
				GCC_WARN_UNUSED_FUNCTION = YES;
				GCC_WARN_UNUSED_VARIABLE = YES;
				IPHONEOS_DEPLOYMENT_TARGET = 13.2;
				MTL_ENABLE_DEBUG_INFO = INCLUDE_SOURCE;
				MTL_FAST_MATH = YES;
				ONLY_ACTIVE_ARCH = YES;
				SDKROOT = iphoneos;
				SWIFT_ACTIVE_COMPILATION_CONDITIONS = DEBUG;
				SWIFT_OPTIMIZATION_LEVEL = "-Onone";
			};
			name = Debug;
		};
		45A8D08A23AA75D9006BDED4 /* Release */ = {
			isa = XCBuildConfiguration;
			buildSettings = {
				ALWAYS_SEARCH_USER_PATHS = NO;
				CLANG_ANALYZER_NONNULL = YES;
				CLANG_ANALYZER_NUMBER_OBJECT_CONVERSION = YES_AGGRESSIVE;
				CLANG_CXX_LANGUAGE_STANDARD = "gnu++14";
				CLANG_CXX_LIBRARY = "libc++";
				CLANG_ENABLE_MODULES = YES;
				CLANG_ENABLE_OBJC_ARC = YES;
				CLANG_ENABLE_OBJC_WEAK = YES;
				CLANG_WARN_BLOCK_CAPTURE_AUTORELEASING = YES;
				CLANG_WARN_BOOL_CONVERSION = YES;
				CLANG_WARN_COMMA = YES;
				CLANG_WARN_CONSTANT_CONVERSION = YES;
				CLANG_WARN_DEPRECATED_OBJC_IMPLEMENTATIONS = YES;
				CLANG_WARN_DIRECT_OBJC_ISA_USAGE = YES_ERROR;
				CLANG_WARN_DOCUMENTATION_COMMENTS = YES;
				CLANG_WARN_EMPTY_BODY = YES;
				CLANG_WARN_ENUM_CONVERSION = YES;
				CLANG_WARN_INFINITE_RECURSION = YES;
				CLANG_WARN_INT_CONVERSION = YES;
				CLANG_WARN_NON_LITERAL_NULL_CONVERSION = YES;
				CLANG_WARN_OBJC_IMPLICIT_RETAIN_SELF = YES;
				CLANG_WARN_OBJC_LITERAL_CONVERSION = YES;
				CLANG_WARN_OBJC_ROOT_CLASS = YES_ERROR;
				CLANG_WARN_RANGE_LOOP_ANALYSIS = YES;
				CLANG_WARN_STRICT_PROTOTYPES = YES;
				CLANG_WARN_SUSPICIOUS_MOVE = YES;
				CLANG_WARN_UNGUARDED_AVAILABILITY = YES_AGGRESSIVE;
				CLANG_WARN_UNREACHABLE_CODE = YES;
				CLANG_WARN__DUPLICATE_METHOD_MATCH = YES;
				COPY_PHASE_STRIP = NO;
				DEBUG_INFORMATION_FORMAT = "dwarf-with-dsym";
				ENABLE_NS_ASSERTIONS = NO;
				ENABLE_STRICT_OBJC_MSGSEND = YES;
				GCC_C_LANGUAGE_STANDARD = gnu11;
				GCC_NO_COMMON_BLOCKS = YES;
				GCC_WARN_64_TO_32_BIT_CONVERSION = YES;
				GCC_WARN_ABOUT_RETURN_TYPE = YES_ERROR;
				GCC_WARN_UNDECLARED_SELECTOR = YES;
				GCC_WARN_UNINITIALIZED_AUTOS = YES_AGGRESSIVE;
				GCC_WARN_UNUSED_FUNCTION = YES;
				GCC_WARN_UNUSED_VARIABLE = YES;
				IPHONEOS_DEPLOYMENT_TARGET = 13.2;
				MTL_ENABLE_DEBUG_INFO = NO;
				MTL_FAST_MATH = YES;
				SDKROOT = iphoneos;
				SWIFT_COMPILATION_MODE = wholemodule;
				SWIFT_OPTIMIZATION_LEVEL = "-O";
				VALIDATE_PRODUCT = YES;
			};
			name = Release;
		};
		45A8D08C23AA75D9006BDED4 /* Debug */ = {
			isa = XCBuildConfiguration;
			baseConfigurationReference = 3101006C30CE208ADF90A132 /* Pods-RxSwift-GCD.debug.xcconfig */;
			buildSettings = {
				ASSETCATALOG_COMPILER_APPICON_NAME = AppIcon;
				CODE_SIGN_STYLE = Automatic;
				DEVELOPMENT_TEAM = LVR5UQEHBD;
				INFOPLIST_FILE = "RxSwift-GCD/Info.plist";
				LD_RUNPATH_SEARCH_PATHS = (
					"$(inherited)",
					"@executable_path/Frameworks",
				);
				PRODUCT_BUNDLE_IDENTIFIER = "com.kawahara.RxSwift-GCD";
				PRODUCT_NAME = "$(TARGET_NAME)";
				SWIFT_VERSION = 5.0;
				TARGETED_DEVICE_FAMILY = 1;
			};
			name = Debug;
		};
		45A8D08D23AA75D9006BDED4 /* Release */ = {
			isa = XCBuildConfiguration;
			baseConfigurationReference = CD6B20F316AD180FBD9E7CA1 /* Pods-RxSwift-GCD.release.xcconfig */;
			buildSettings = {
				ASSETCATALOG_COMPILER_APPICON_NAME = AppIcon;
				CODE_SIGN_STYLE = Automatic;
				DEVELOPMENT_TEAM = LVR5UQEHBD;
				INFOPLIST_FILE = "RxSwift-GCD/Info.plist";
				LD_RUNPATH_SEARCH_PATHS = (
					"$(inherited)",
					"@executable_path/Frameworks",
				);
				PRODUCT_BUNDLE_IDENTIFIER = "com.kawahara.RxSwift-GCD";
				PRODUCT_NAME = "$(TARGET_NAME)";
				SWIFT_VERSION = 5.0;
				TARGETED_DEVICE_FAMILY = 1;
			};
			name = Release;
		};
		45A8D08F23AA75D9006BDED4 /* Debug */ = {
			isa = XCBuildConfiguration;
			baseConfigurationReference = 314375B68038545C77249549 /* Pods-RxSwift-GCDTests.debug.xcconfig */;
			buildSettings = {
				ALWAYS_EMBED_SWIFT_STANDARD_LIBRARIES = YES;
				BUNDLE_LOADER = "$(TEST_HOST)";
				CODE_SIGN_STYLE = Automatic;
				DEVELOPMENT_TEAM = LVR5UQEHBD;
				INFOPLIST_FILE = "RxSwift-GCDTests/Info.plist";
				IPHONEOS_DEPLOYMENT_TARGET = 13.2;
				LD_RUNPATH_SEARCH_PATHS = (
					"$(inherited)",
					"@executable_path/Frameworks",
					"@loader_path/Frameworks",
				);
				PRODUCT_BUNDLE_IDENTIFIER = "com.kawahara.RxSwift-GCDTests";
				PRODUCT_NAME = "$(TARGET_NAME)";
				SWIFT_VERSION = 5.0;
				TARGETED_DEVICE_FAMILY = "1,2";
				TEST_HOST = "$(BUILT_PRODUCTS_DIR)/RxSwift-GCD.app/RxSwift-GCD";
			};
			name = Debug;
		};
		45A8D09023AA75D9006BDED4 /* Release */ = {
			isa = XCBuildConfiguration;
			baseConfigurationReference = 9E7EFF4391D8382E7C5C5E8B /* Pods-RxSwift-GCDTests.release.xcconfig */;
			buildSettings = {
				ALWAYS_EMBED_SWIFT_STANDARD_LIBRARIES = YES;
				BUNDLE_LOADER = "$(TEST_HOST)";
				CODE_SIGN_STYLE = Automatic;
				DEVELOPMENT_TEAM = LVR5UQEHBD;
				INFOPLIST_FILE = "RxSwift-GCDTests/Info.plist";
				IPHONEOS_DEPLOYMENT_TARGET = 13.2;
				LD_RUNPATH_SEARCH_PATHS = (
					"$(inherited)",
					"@executable_path/Frameworks",
					"@loader_path/Frameworks",
				);
				PRODUCT_BUNDLE_IDENTIFIER = "com.kawahara.RxSwift-GCDTests";
				PRODUCT_NAME = "$(TARGET_NAME)";
				SWIFT_VERSION = 5.0;
				TARGETED_DEVICE_FAMILY = "1,2";
				TEST_HOST = "$(BUILT_PRODUCTS_DIR)/RxSwift-GCD.app/RxSwift-GCD";
			};
			name = Release;
		};
/* End XCBuildConfiguration section */

/* Begin XCConfigurationList section */
		45A8D06723AA75D6006BDED4 /* Build configuration list for PBXProject "RxSwift-GCD" */ = {
			isa = XCConfigurationList;
			buildConfigurations = (
				45A8D08923AA75D9006BDED4 /* Debug */,
				45A8D08A23AA75D9006BDED4 /* Release */,
			);
			defaultConfigurationIsVisible = 0;
			defaultConfigurationName = Release;
		};
		45A8D08B23AA75D9006BDED4 /* Build configuration list for PBXNativeTarget "RxSwift-GCD" */ = {
			isa = XCConfigurationList;
			buildConfigurations = (
				45A8D08C23AA75D9006BDED4 /* Debug */,
				45A8D08D23AA75D9006BDED4 /* Release */,
			);
			defaultConfigurationIsVisible = 0;
			defaultConfigurationName = Release;
		};
		45A8D08E23AA75D9006BDED4 /* Build configuration list for PBXNativeTarget "RxSwift-GCDTests" */ = {
			isa = XCConfigurationList;
			buildConfigurations = (
				45A8D08F23AA75D9006BDED4 /* Debug */,
				45A8D09023AA75D9006BDED4 /* Release */,
			);
			defaultConfigurationIsVisible = 0;
			defaultConfigurationName = Release;
		};
/* End XCConfigurationList section */
	};
	rootObject = 45A8D06423AA75D6006BDED4 /* Project object */;
}
